
Microsoft Visual Studio Solution File, Format Version 12.00
# Visual Studio Version 16
VisualStudioVersion = 16.0.30621.155
MinimumVisualStudioVersion = 10.0.40219.1
Project("{2150E333-8FDC-42A3-9474-1A3956D46DE8}") = "src", "src", "{F5CB2A25-0B0E-46FF-A384-BBBAE21482DC}"
	ProjectSection(SolutionItems) = preProject
		..\..\..\Desktop\arch.png = ..\..\..\Desktop\arch.png
	EndProjectSection
EndProject
Project("{2150E333-8FDC-42A3-9474-1A3956D46DE8}") = "Administration", "Administration", "{9D5D0025-8E34-4605-9BCC-D9FFC70356F7}"
EndProject
Project("{2150E333-8FDC-42A3-9474-1A3956D46DE8}") = "tests", "tests", "{0EA25408-67B4-4DF1-B97E-15C0E238E408}"
EndProject
Project("{9A19103F-16F7-4668-BE54-9A1E7A4F7556}") = "MyWallet.Administration.UnitTest", "MyWallet.Administration.UnitTest\MyWallet.Administration.UnitTest.csproj", "{D2E717E2-73F5-4704-94D9-B31CA59C1C6C}"
EndProject
Project("{9A19103F-16F7-4668-BE54-9A1E7A4F7556}") = "MyWallet.Administration.IntegrationTest", "MyWallet.Administration.IntegrationTest\MyWallet.Administration.IntegrationTest.csproj", "{BC9191CA-3A29-4169-901E-05B8DB7672C7}"
EndProject
Project("{9A19103F-16F7-4668-BE54-9A1E7A4F7556}") = "MyWallet.Administration.API", "MyWallet.Administration.API\MyWallet.Administration.API.csproj", "{7CC846D0-B4CA-4CA3-98CD-00C3CEF2C294}"
EndProject
Project("{9A19103F-16F7-4668-BE54-9A1E7A4F7556}") = "MyWallet.Administration.Domain", "MyWallet.Administration.Domain\MyWallet.Administration.Domain.csproj", "{1312F67B-9E85-4794-B311-9C69C96D9EA2}"
EndProject
Project("{9A19103F-16F7-4668-BE54-9A1E7A4F7556}") = "MyWallet.Administration.Application", "MyWallet.Administration.Application\MyWallet.Administration.Application.csproj", "{6A1F6D10-D3E6-4F45-8099-4E40B4FFF7E2}"
EndProject
Project("{9A19103F-16F7-4668-BE54-9A1E7A4F7556}") = "MyWallet.Administration.Infrastructure", "MyWallet.Administration.Infrastructure\MyWallet.Administration.Infrastructure.csproj", "{5FBE10C1-3077-44F6-BA83-76BF76F05F37}"
EndProject
Project("{2150E333-8FDC-42A3-9474-1A3956D46DE8}") = "Customer", "Customer", "{7CBA984E-4715-40EC-A421-A1D1F1852F18}"
EndProject
Project("{9A19103F-16F7-4668-BE54-9A1E7A4F7556}") = "MyWallet.Customer.API", "MyWallet.Customer.API\MyWallet.Customer.API.csproj", "{9E9EF9B1-FB54-48FD-87E2-134B93C0FBD8}"
EndProject
Project("{9A19103F-16F7-4668-BE54-9A1E7A4F7556}") = "MyWallet.Customer.Application", "MyWallet.Customer.Application\MyWallet.Customer.Application.csproj", "{8292D91D-C9F8-4647-908F-B5CA2347FABD}"
EndProject
Project("{9A19103F-16F7-4668-BE54-9A1E7A4F7556}") = "MyWallet.Customer.Domain", "MyWallet.Customer.Domain\MyWallet.Customer.Domain.csproj", "{0C3F4244-254D-49B7-8012-A04EECB63715}"
EndProject
Project("{9A19103F-16F7-4668-BE54-9A1E7A4F7556}") = "MyWallet.Customer.Infrastructure", "MyWallet.Customer.Infrastructure\MyWallet.Customer.Infrastructure.csproj", "{AC8E8E6F-9DBA-4199-AD58-2DFA358687F0}"
EndProject
Project("{2150E333-8FDC-42A3-9474-1A3956D46DE8}") = "tests", "tests", "{10C78ACF-9690-4CD6-AB33-AE82919E7C01}"
EndProject
Project("{9A19103F-16F7-4668-BE54-9A1E7A4F7556}") = "MyWallet.Customer.UnitTest", "MyWallet.Customer.UnitTest\MyWallet.Customer.UnitTest.csproj", "{79E49E17-CD72-40A4-AFD0-40EAA9094F72}"
EndProject
Project("{9A19103F-16F7-4668-BE54-9A1E7A4F7556}") = "MyWallet.Customer.IntegrationTest", "MyWallet.Customer.IntegrationTest\MyWallet.Customer.IntegrationTest.csproj", "{B5B40DCD-37C2-4004-80AF-9F3BBDFAA4C1}"
EndProject
Global
	GlobalSection(SolutionConfigurationPlatforms) = preSolution
		Debug|Any CPU = Debug|Any CPU
		Release|Any CPU = Release|Any CPU
	EndGlobalSection
	GlobalSection(ProjectConfigurationPlatforms) = postSolution
		{D2E717E2-73F5-4704-94D9-B31CA59C1C6C}.Debug|Any CPU.ActiveCfg = Debug|Any CPU
		{D2E717E2-73F5-4704-94D9-B31CA59C1C6C}.Debug|Any CPU.Build.0 = Debug|Any CPU
		{D2E717E2-73F5-4704-94D9-B31CA59C1C6C}.Release|Any CPU.ActiveCfg = Release|Any CPU
		{D2E717E2-73F5-4704-94D9-B31CA59C1C6C}.Release|Any CPU.Build.0 = Release|Any CPU
		{BC9191CA-3A29-4169-901E-05B8DB7672C7}.Debug|Any CPU.ActiveCfg = Debug|Any CPU
		{BC9191CA-3A29-4169-901E-05B8DB7672C7}.Debug|Any CPU.Build.0 = Debug|Any CPU
		{BC9191CA-3A29-4169-901E-05B8DB7672C7}.Release|Any CPU.ActiveCfg = Release|Any CPU
		{BC9191CA-3A29-4169-901E-05B8DB7672C7}.Release|Any CPU.Build.0 = Release|Any CPU
		{7CC846D0-B4CA-4CA3-98CD-00C3CEF2C294}.Debug|Any CPU.ActiveCfg = Debug|Any CPU
		{7CC846D0-B4CA-4CA3-98CD-00C3CEF2C294}.Debug|Any CPU.Build.0 = Debug|Any CPU
		{7CC846D0-B4CA-4CA3-98CD-00C3CEF2C294}.Release|Any CPU.ActiveCfg = Release|Any CPU
		{7CC846D0-B4CA-4CA3-98CD-00C3CEF2C294}.Release|Any CPU.Build.0 = Release|Any CPU
		{1312F67B-9E85-4794-B311-9C69C96D9EA2}.Debug|Any CPU.ActiveCfg = Debug|Any CPU
		{1312F67B-9E85-4794-B311-9C69C96D9EA2}.Debug|Any CPU.Build.0 = Debug|Any CPU
		{1312F67B-9E85-4794-B311-9C69C96D9EA2}.Release|Any CPU.ActiveCfg = Release|Any CPU
		{1312F67B-9E85-4794-B311-9C69C96D9EA2}.Release|Any CPU.Build.0 = Release|Any CPU
		{6A1F6D10-D3E6-4F45-8099-4E40B4FFF7E2}.Debug|Any CPU.ActiveCfg = Debug|Any CPU
		{6A1F6D10-D3E6-4F45-8099-4E40B4FFF7E2}.Debug|Any CPU.Build.0 = Debug|Any CPU
		{6A1F6D10-D3E6-4F45-8099-4E40B4FFF7E2}.Release|Any CPU.ActiveCfg = Release|Any CPU
		{6A1F6D10-D3E6-4F45-8099-4E40B4FFF7E2}.Release|Any CPU.Build.0 = Release|Any CPU
		{5FBE10C1-3077-44F6-BA83-76BF76F05F37}.Debug|Any CPU.ActiveCfg = Debug|Any CPU
		{5FBE10C1-3077-44F6-BA83-76BF76F05F37}.Debug|Any CPU.Build.0 = Debug|Any CPU
		{5FBE10C1-3077-44F6-BA83-76BF76F05F37}.Release|Any CPU.ActiveCfg = Release|Any CPU
		{5FBE10C1-3077-44F6-BA83-76BF76F05F37}.Release|Any CPU.Build.0 = Release|Any CPU
		{9E9EF9B1-FB54-48FD-87E2-134B93C0FBD8}.Debug|Any CPU.ActiveCfg = Debug|Any CPU
		{9E9EF9B1-FB54-48FD-87E2-134B93C0FBD8}.Debug|Any CPU.Build.0 = Debug|Any CPU
		{9E9EF9B1-FB54-48FD-87E2-134B93C0FBD8}.Release|Any CPU.ActiveCfg = Release|Any CPU
		{9E9EF9B1-FB54-48FD-87E2-134B93C0FBD8}.Release|Any CPU.Build.0 = Release|Any CPU
		{8292D91D-C9F8-4647-908F-B5CA2347FABD}.Debug|Any CPU.ActiveCfg = Debug|Any CPU
		{8292D91D-C9F8-4647-908F-B5CA2347FABD}.Debug|Any CPU.Build.0 = Debug|Any CPU
		{8292D91D-C9F8-4647-908F-B5CA2347FABD}.Release|Any CPU.ActiveCfg = Release|Any CPU
		{8292D91D-C9F8-4647-908F-B5CA2347FABD}.Release|Any CPU.Build.0 = Release|Any CPU
		{0C3F4244-254D-49B7-8012-A04EECB63715}.Debug|Any CPU.ActiveCfg = Debug|Any CPU
		{0C3F4244-254D-49B7-8012-A04EECB63715}.Debug|Any CPU.Build.0 = Debug|Any CPU
		{0C3F4244-254D-49B7-8012-A04EECB63715}.Release|Any CPU.ActiveCfg = Release|Any CPU
		{0C3F4244-254D-49B7-8012-A04EECB63715}.Release|Any CPU.Build.0 = Release|Any CPU
		{AC8E8E6F-9DBA-4199-AD58-2DFA358687F0}.Debug|Any CPU.ActiveCfg = Debug|Any CPU
		{AC8E8E6F-9DBA-4199-AD58-2DFA358687F0}.Debug|Any CPU.Build.0 = Debug|Any CPU
		{AC8E8E6F-9DBA-4199-AD58-2DFA358687F0}.Release|Any CPU.ActiveCfg = Release|Any CPU
		{AC8E8E6F-9DBA-4199-AD58-2DFA358687F0}.Release|Any CPU.Build.0 = Release|Any CPU
		{79E49E17-CD72-40A4-AFD0-40EAA9094F72}.Debug|Any CPU.ActiveCfg = Debug|Any CPU
		{79E49E17-CD72-40A4-AFD0-40EAA9094F72}.Debug|Any CPU.Build.0 = Debug|Any CPU
		{79E49E17-CD72-40A4-AFD0-40EAA9094F72}.Release|Any CPU.ActiveCfg = Release|Any CPU
		{79E49E17-CD72-40A4-AFD0-40EAA9094F72}.Release|Any CPU.Build.0 = Release|Any CPU
		{B5B40DCD-37C2-4004-80AF-9F3BBDFAA4C1}.Debug|Any CPU.ActiveCfg = Debug|Any CPU
		{B5B40DCD-37C2-4004-80AF-9F3BBDFAA4C1}.Debug|Any CPU.Build.0 = Debug|Any CPU
		{B5B40DCD-37C2-4004-80AF-9F3BBDFAA4C1}.Release|Any CPU.ActiveCfg = Release|Any CPU
		{B5B40DCD-37C2-4004-80AF-9F3BBDFAA4C1}.Release|Any CPU.Build.0 = Release|Any CPU
	EndGlobalSection
	GlobalSection(SolutionProperties) = preSolution
		HideSolutionNode = FALSE
	EndGlobalSection
	GlobalSection(NestedProjects) = preSolution
		{9D5D0025-8E34-4605-9BCC-D9FFC70356F7} = {F5CB2A25-0B0E-46FF-A384-BBBAE21482DC}
		{0EA25408-67B4-4DF1-B97E-15C0E238E408} = {9D5D0025-8E34-4605-9BCC-D9FFC70356F7}
		{D2E717E2-73F5-4704-94D9-B31CA59C1C6C} = {0EA25408-67B4-4DF1-B97E-15C0E238E408}
		{BC9191CA-3A29-4169-901E-05B8DB7672C7} = {0EA25408-67B4-4DF1-B97E-15C0E238E408}
		{7CC846D0-B4CA-4CA3-98CD-00C3CEF2C294} = {9D5D0025-8E34-4605-9BCC-D9FFC70356F7}
		{1312F67B-9E85-4794-B311-9C69C96D9EA2} = {9D5D0025-8E34-4605-9BCC-D9FFC70356F7}
		{6A1F6D10-D3E6-4F45-8099-4E40B4FFF7E2} = {9D5D0025-8E34-4605-9BCC-D9FFC70356F7}
		{5FBE10C1-3077-44F6-BA83-76BF76F05F37} = {9D5D0025-8E34-4605-9BCC-D9FFC70356F7}
		{7CBA984E-4715-40EC-A421-A1D1F1852F18} = {F5CB2A25-0B0E-46FF-A384-BBBAE21482DC}
		{9E9EF9B1-FB54-48FD-87E2-134B93C0FBD8} = {7CBA984E-4715-40EC-A421-A1D1F1852F18}
		{8292D91D-C9F8-4647-908F-B5CA2347FABD} = {7CBA984E-4715-40EC-A421-A1D1F1852F18}
		{0C3F4244-254D-49B7-8012-A04EECB63715} = {7CBA984E-4715-40EC-A421-A1D1F1852F18}
		{AC8E8E6F-9DBA-4199-AD58-2DFA358687F0} = {7CBA984E-4715-40EC-A421-A1D1F1852F18}
		{10C78ACF-9690-4CD6-AB33-AE82919E7C01} = {7CBA984E-4715-40EC-A421-A1D1F1852F18}
		{79E49E17-CD72-40A4-AFD0-40EAA9094F72} = {10C78ACF-9690-4CD6-AB33-AE82919E7C01}
		{B5B40DCD-37C2-4004-80AF-9F3BBDFAA4C1} = {10C78ACF-9690-4CD6-AB33-AE82919E7C01}
	EndGlobalSection
	GlobalSection(ExtensibilityGlobals) = postSolution
		SolutionGuid = {C9F31E59-F7FC-4227-A8BE-EFE5E3954C7E}
	EndGlobalSection
EndGlobal
