
Microsoft Visual Studio Solution File, Format Version 12.00
# Visual Studio Version 16
VisualStudioVersion = 16.0.30621.155
MinimumVisualStudioVersion = 10.0.40219.1
Project("{2150E333-8FDC-42A3-9474-1A3956D46DE8}") = "src", "src", "{F5CB2A25-0B0E-46FF-A384-BBBAE21482DC}"
EndProject
Project("{2150E333-8FDC-42A3-9474-1A3956D46DE8}") = "Administration", "Administration", "{9D5D0025-8E34-4605-9BCC-D9FFC70356F7}"
EndProject
Project("{2150E333-8FDC-42A3-9474-1A3956D46DE8}") = "tests", "tests", "{0EA25408-67B4-4DF1-B97E-15C0E238E408}"
EndProject
Project("{9A19103F-16F7-4668-BE54-9A1E7A4F7556}") = "Turquoise.Administration.UnitTest", "Turquoise.Administration.UnitTest\Turquoise.Administration.UnitTest.csproj", "{D2E717E2-73F5-4704-94D9-B31CA59C1C6C}"
EndProject
Project("{9A19103F-16F7-4668-BE54-9A1E7A4F7556}") = "Turquoise.Administration.IntegrationTest", "Turquoise.Administration.IntegrationTest\Turquoise.Administration.IntegrationTest.csproj", "{BC9191CA-3A29-4169-901E-05B8DB7672C7}"
EndProject
Project("{9A19103F-16F7-4668-BE54-9A1E7A4F7556}") = "Turquoise.Administration.API", "Turquoise.Administration.API\Turquoise.Administration.API.csproj", "{7CC846D0-B4CA-4CA3-98CD-00C3CEF2C294}"
EndProject
Project("{9A19103F-16F7-4668-BE54-9A1E7A4F7556}") = "Turquoise.Administration.Domain", "Turquoise.Administration.Domain\Turquoise.Administration.Domain.csproj", "{1312F67B-9E85-4794-B311-9C69C96D9EA2}"
EndProject
Project("{9A19103F-16F7-4668-BE54-9A1E7A4F7556}") = "Turquoise.Administration.Application", "Turquoise.Administration.Application\Turquoise.Administration.Application.csproj", "{6A1F6D10-D3E6-4F45-8099-4E40B4FFF7E2}"
EndProject
Project("{9A19103F-16F7-4668-BE54-9A1E7A4F7556}") = "Turquoise.Administration.Infrastructure.SQL", "Turquoise.Administration.Infrastructure.SQL\Turquoise.Administration.Infrastructure.SQL.csproj", "{5FBE10C1-3077-44F6-BA83-76BF76F05F37}"
EndProject
Project("{9A19103F-16F7-4668-BE54-9A1E7A4F7556}") = "Turquoise.Gateway", "Turquoise.Gateway\Turquoise.Gateway.csproj", "{9C8A5331-B9AE-46B8-A51F-512027B12D74}"
EndProject
Project("{2150E333-8FDC-42A3-9474-1A3956D46DE8}") = "Authentication", "Authentication", "{81864A9C-BF69-4AED-8E70-E013569B3637}"
EndProject
Project("{FAE04EC0-301F-11D3-BF4B-00C04F79EFBC}") = "Turquoise.Authentication.API", "Turquoise.Authentication.API\Turquoise.Authentication.API.csproj", "{0E049023-94E3-4C20-8833-6310DE8DFF18}"
EndProject
Project("{FAE04EC0-301F-11D3-BF4B-00C04F79EFBC}") = "Turquoise.Authentication.Domain", "Turquoise.Authentication.Domain\Turquoise.Authentication.Domain.csproj", "{0B8B06DB-A14A-4BCE-B046-EC63C49639D8}"
EndProject
Project("{FAE04EC0-301F-11D3-BF4B-00C04F79EFBC}") = "Turquoise.Authentication.Application", "Turquoise.Authentication.Application\Turquoise.Authentication.Application.csproj", "{09E5DE2A-0027-4E8B-8E89-985538E54792}"
EndProject
Project("{FAE04EC0-301F-11D3-BF4B-00C04F79EFBC}") = "Turquoise.Authentication.Infrastructure.SQL", "Turquoise.Authentication.Infrastructure.SQL\Turquoise.Authentication.Infrastructure.SQL.csproj", "{36699812-8EA3-409E-B29D-B71DB709786D}"
EndProject
Project("{2150E333-8FDC-42A3-9474-1A3956D46DE8}") = "tests", "tests", "{925191DB-7BB9-41A5-B5F1-62030570E91D}"
EndProject
Project("{FAE04EC0-301F-11D3-BF4B-00C04F79EFBC}") = "Turquoise.Authentication.UnitTest", "Turquoise.Authentication.UnitTest\Turquoise.Authentication.UnitTest.csproj", "{1E920341-2F33-4FEE-A585-97E60788B3F7}"
EndProject
Project("{FAE04EC0-301F-11D3-BF4B-00C04F79EFBC}") = "Turquoise.Authentication.IntegrationTest", "Turquoise.Authentication.IntegrationTest\Turquoise.Authentication.IntegrationTest.csproj", "{2E2C5863-E86C-4E8D-BC6F-AD392140F81A}"
EndProject
Global
	GlobalSection(SolutionConfigurationPlatforms) = preSolution
		Debug|Any CPU = Debug|Any CPU
		Release|Any CPU = Release|Any CPU
	EndGlobalSection
	GlobalSection(ProjectConfigurationPlatforms) = postSolution
		{D2E717E2-73F5-4704-94D9-B31CA59C1C6C}.Debug|Any CPU.ActiveCfg = Debug|Any CPU
		{D2E717E2-73F5-4704-94D9-B31CA59C1C6C}.Debug|Any CPU.Build.0 = Debug|Any CPU
		{D2E717E2-73F5-4704-94D9-B31CA59C1C6C}.Release|Any CPU.ActiveCfg = Release|Any CPU
		{D2E717E2-73F5-4704-94D9-B31CA59C1C6C}.Release|Any CPU.Build.0 = Release|Any CPU
		{BC9191CA-3A29-4169-901E-05B8DB7672C7}.Debug|Any CPU.ActiveCfg = Debug|Any CPU
		{BC9191CA-3A29-4169-901E-05B8DB7672C7}.Debug|Any CPU.Build.0 = Debug|Any CPU
		{BC9191CA-3A29-4169-901E-05B8DB7672C7}.Release|Any CPU.ActiveCfg = Release|Any CPU
		{BC9191CA-3A29-4169-901E-05B8DB7672C7}.Release|Any CPU.Build.0 = Release|Any CPU
		{7CC846D0-B4CA-4CA3-98CD-00C3CEF2C294}.Debug|Any CPU.ActiveCfg = Debug|Any CPU
		{7CC846D0-B4CA-4CA3-98CD-00C3CEF2C294}.Debug|Any CPU.Build.0 = Debug|Any CPU
		{7CC846D0-B4CA-4CA3-98CD-00C3CEF2C294}.Release|Any CPU.ActiveCfg = Release|Any CPU
		{7CC846D0-B4CA-4CA3-98CD-00C3CEF2C294}.Release|Any CPU.Build.0 = Release|Any CPU
		{1312F67B-9E85-4794-B311-9C69C96D9EA2}.Debug|Any CPU.ActiveCfg = Debug|Any CPU
		{1312F67B-9E85-4794-B311-9C69C96D9EA2}.Debug|Any CPU.Build.0 = Debug|Any CPU
		{1312F67B-9E85-4794-B311-9C69C96D9EA2}.Release|Any CPU.ActiveCfg = Release|Any CPU
		{1312F67B-9E85-4794-B311-9C69C96D9EA2}.Release|Any CPU.Build.0 = Release|Any CPU
		{6A1F6D10-D3E6-4F45-8099-4E40B4FFF7E2}.Debug|Any CPU.ActiveCfg = Debug|Any CPU
		{6A1F6D10-D3E6-4F45-8099-4E40B4FFF7E2}.Debug|Any CPU.Build.0 = Debug|Any CPU
		{6A1F6D10-D3E6-4F45-8099-4E40B4FFF7E2}.Release|Any CPU.ActiveCfg = Release|Any CPU
		{6A1F6D10-D3E6-4F45-8099-4E40B4FFF7E2}.Release|Any CPU.Build.0 = Release|Any CPU
		{5FBE10C1-3077-44F6-BA83-76BF76F05F37}.Debug|Any CPU.ActiveCfg = Debug|Any CPU
		{5FBE10C1-3077-44F6-BA83-76BF76F05F37}.Debug|Any CPU.Build.0 = Debug|Any CPU
		{5FBE10C1-3077-44F6-BA83-76BF76F05F37}.Release|Any CPU.ActiveCfg = Release|Any CPU
		{5FBE10C1-3077-44F6-BA83-76BF76F05F37}.Release|Any CPU.Build.0 = Release|Any CPU
		{9C8A5331-B9AE-46B8-A51F-512027B12D74}.Debug|Any CPU.ActiveCfg = Debug|Any CPU
		{9C8A5331-B9AE-46B8-A51F-512027B12D74}.Debug|Any CPU.Build.0 = Debug|Any CPU
		{9C8A5331-B9AE-46B8-A51F-512027B12D74}.Release|Any CPU.ActiveCfg = Release|Any CPU
		{9C8A5331-B9AE-46B8-A51F-512027B12D74}.Release|Any CPU.Build.0 = Release|Any CPU
		{0E049023-94E3-4C20-8833-6310DE8DFF18}.Debug|Any CPU.ActiveCfg = Debug|Any CPU
		{0E049023-94E3-4C20-8833-6310DE8DFF18}.Debug|Any CPU.Build.0 = Debug|Any CPU
		{0E049023-94E3-4C20-8833-6310DE8DFF18}.Release|Any CPU.ActiveCfg = Release|Any CPU
		{0E049023-94E3-4C20-8833-6310DE8DFF18}.Release|Any CPU.Build.0 = Release|Any CPU
		{0B8B06DB-A14A-4BCE-B046-EC63C49639D8}.Debug|Any CPU.ActiveCfg = Debug|Any CPU
		{0B8B06DB-A14A-4BCE-B046-EC63C49639D8}.Debug|Any CPU.Build.0 = Debug|Any CPU
		{0B8B06DB-A14A-4BCE-B046-EC63C49639D8}.Release|Any CPU.ActiveCfg = Release|Any CPU
		{0B8B06DB-A14A-4BCE-B046-EC63C49639D8}.Release|Any CPU.Build.0 = Release|Any CPU
		{09E5DE2A-0027-4E8B-8E89-985538E54792}.Debug|Any CPU.ActiveCfg = Debug|Any CPU
		{09E5DE2A-0027-4E8B-8E89-985538E54792}.Debug|Any CPU.Build.0 = Debug|Any CPU
		{09E5DE2A-0027-4E8B-8E89-985538E54792}.Release|Any CPU.ActiveCfg = Release|Any CPU
		{09E5DE2A-0027-4E8B-8E89-985538E54792}.Release|Any CPU.Build.0 = Release|Any CPU
		{36699812-8EA3-409E-B29D-B71DB709786D}.Debug|Any CPU.ActiveCfg = Debug|Any CPU
		{36699812-8EA3-409E-B29D-B71DB709786D}.Debug|Any CPU.Build.0 = Debug|Any CPU
		{36699812-8EA3-409E-B29D-B71DB709786D}.Release|Any CPU.ActiveCfg = Release|Any CPU
		{36699812-8EA3-409E-B29D-B71DB709786D}.Release|Any CPU.Build.0 = Release|Any CPU
		{1E920341-2F33-4FEE-A585-97E60788B3F7}.Debug|Any CPU.ActiveCfg = Debug|Any CPU
		{1E920341-2F33-4FEE-A585-97E60788B3F7}.Debug|Any CPU.Build.0 = Debug|Any CPU
		{1E920341-2F33-4FEE-A585-97E60788B3F7}.Release|Any CPU.ActiveCfg = Release|Any CPU
		{1E920341-2F33-4FEE-A585-97E60788B3F7}.Release|Any CPU.Build.0 = Release|Any CPU
		{2E2C5863-E86C-4E8D-BC6F-AD392140F81A}.Debug|Any CPU.ActiveCfg = Debug|Any CPU
		{2E2C5863-E86C-4E8D-BC6F-AD392140F81A}.Debug|Any CPU.Build.0 = Debug|Any CPU
		{2E2C5863-E86C-4E8D-BC6F-AD392140F81A}.Release|Any CPU.ActiveCfg = Release|Any CPU
		{2E2C5863-E86C-4E8D-BC6F-AD392140F81A}.Release|Any CPU.Build.0 = Release|Any CPU
	EndGlobalSection
	GlobalSection(SolutionProperties) = preSolution
		HideSolutionNode = FALSE
	EndGlobalSection
	GlobalSection(NestedProjects) = preSolution
		{9D5D0025-8E34-4605-9BCC-D9FFC70356F7} = {F5CB2A25-0B0E-46FF-A384-BBBAE21482DC}
		{0EA25408-67B4-4DF1-B97E-15C0E238E408} = {9D5D0025-8E34-4605-9BCC-D9FFC70356F7}
		{D2E717E2-73F5-4704-94D9-B31CA59C1C6C} = {0EA25408-67B4-4DF1-B97E-15C0E238E408}
		{BC9191CA-3A29-4169-901E-05B8DB7672C7} = {0EA25408-67B4-4DF1-B97E-15C0E238E408}
		{7CC846D0-B4CA-4CA3-98CD-00C3CEF2C294} = {9D5D0025-8E34-4605-9BCC-D9FFC70356F7}
		{1312F67B-9E85-4794-B311-9C69C96D9EA2} = {9D5D0025-8E34-4605-9BCC-D9FFC70356F7}
		{6A1F6D10-D3E6-4F45-8099-4E40B4FFF7E2} = {9D5D0025-8E34-4605-9BCC-D9FFC70356F7}
		{5FBE10C1-3077-44F6-BA83-76BF76F05F37} = {9D5D0025-8E34-4605-9BCC-D9FFC70356F7}
		{9C8A5331-B9AE-46B8-A51F-512027B12D74} = {F5CB2A25-0B0E-46FF-A384-BBBAE21482DC}
		{81864A9C-BF69-4AED-8E70-E013569B3637} = {F5CB2A25-0B0E-46FF-A384-BBBAE21482DC}
		{0E049023-94E3-4C20-8833-6310DE8DFF18} = {81864A9C-BF69-4AED-8E70-E013569B3637}
		{0B8B06DB-A14A-4BCE-B046-EC63C49639D8} = {81864A9C-BF69-4AED-8E70-E013569B3637}
		{09E5DE2A-0027-4E8B-8E89-985538E54792} = {81864A9C-BF69-4AED-8E70-E013569B3637}
		{36699812-8EA3-409E-B29D-B71DB709786D} = {81864A9C-BF69-4AED-8E70-E013569B3637}
		{925191DB-7BB9-41A5-B5F1-62030570E91D} = {81864A9C-BF69-4AED-8E70-E013569B3637}
		{1E920341-2F33-4FEE-A585-97E60788B3F7} = {925191DB-7BB9-41A5-B5F1-62030570E91D}
		{2E2C5863-E86C-4E8D-BC6F-AD392140F81A} = {925191DB-7BB9-41A5-B5F1-62030570E91D}
	EndGlobalSection
	GlobalSection(ExtensibilityGlobals) = postSolution
		SolutionGuid = {C9F31E59-F7FC-4227-A8BE-EFE5E3954C7E}
	EndGlobalSection
EndGlobal
